<Solution>
  <Folder Name="/src/" />
  <Folder Name="/src/Application/">
    <Project Path="src/Application/TodoAuth.Application.csproj" />
  </Folder>
  <Folder Name="/src/Domain/">
    <Project Path="src/Domain/TodoAuth.Domain.csproj" />
  </Folder>
  <Folder Name="/src/Infrastructure/">
    <Project Path="src/Infrastructure/TodoAuth.Infrastructure.csproj" />
  </Folder>
  <Folder Name="/src/WebAPI/">
    <Project Path="src/WebAPI/TodoAuth.WebAPI.csproj" />
  </Folder>
</Solution>
